
Microsoft Visual Studio Solution File, Format Version 12.00
# Visual Studio Version 17
VisualStudioVersion = 17.0.31717.71
MinimumVisualStudioVersion = 10.0.40219.1
Project("{2150E333-8FDC-42A3-9474-1A3956D46DE8}") = "Gateway", "Gateway", "{9FE5F3EF-A9E6-472C-9925-813FAB7882AA}"
EndProject
Project("{2150E333-8FDC-42A3-9474-1A3956D46DE8}") = "InvoiceProcessor", "InvoiceProcessor", "{241EAD80-A1A6-45DF-ABC4-79D8E3AB5EC1}"
EndProject
Project("{2150E333-8FDC-42A3-9474-1A3956D46DE8}") = "InvoiceReader", "InvoiceReader", "{825A28A6-F982-4A30-A2F3-D930DB9A2902}"
EndProject
Project("{9A19103F-16F7-4668-BE54-9A1E7A4F7556}") = "InvoiceReader", "InvoiceReader\InvoiceReader.csproj", "{FAFE7073-37B0-4112-9D00-39109F117AD7}"
EndProject
Project("{9A19103F-16F7-4668-BE54-9A1E7A4F7556}") = "InvoiceProcessor", "InvoiceProcessor\InvoiceProcessor.csproj", "{96209635-AF92-452A-8428-79D1F26F720C}"
EndProject
Project("{9A19103F-16F7-4668-BE54-9A1E7A4F7556}") = "InvoiceProcessor.Domain", "InvoiceProcessor.Domain\InvoiceProcessor.Domain.csproj", "{66A88997-F161-4AFE-89EB-0E6ECBAA840B}"
EndProject
Project("{9A19103F-16F7-4668-BE54-9A1E7A4F7556}") = "InvoiceProcessor.Application", "InvoiceProcessor.Application\InvoiceProcessor.Application.csproj", "{1BEDE78A-084F-4D69-A918-30335E46A49D}"
EndProject
Project("{9A19103F-16F7-4668-BE54-9A1E7A4F7556}") = "InvoiceProcessor.Infrastructure", "InvoiceProcessor.Infrastructure\InvoiceProcessor.Infrastructure.csproj", "{F7F833F4-169E-4D39-A61D-255DE03A4C3C}"
EndProject
Project("{2150E333-8FDC-42A3-9474-1A3956D46DE8}") = "Shared", "Shared", "{202EBEC4-A38C-4FC3-806F-7880DB32655D}"
EndProject
Project("{9A19103F-16F7-4668-BE54-9A1E7A4F7556}") = "Communication", "Communication\Communication.csproj", "{134C2174-0B54-4BC0-8832-35D58A3B1D33}"
EndProject
Project("{9A19103F-16F7-4668-BE54-9A1E7A4F7556}") = "Integration", "Integration\Integration.csproj", "{5EB8B681-8F6C-4143-BF06-093B9879BBEF}"
EndProject
Project("{2150E333-8FDC-42A3-9474-1A3956D46DE8}") = "Tests", "Tests", "{DEF9CF76-2AC5-4F7C-9234-5375623D5930}"
EndProject
Project("{9A19103F-16F7-4668-BE54-9A1E7A4F7556}") = "InvoiceProcessor.Tests", "InvoiceProcessor.Tests\InvoiceProcessor.Tests.csproj", "{B05F79EF-C19B-4F2E-B1B3-7081080FE956}"
EndProject
Project("{9A19103F-16F7-4668-BE54-9A1E7A4F7556}") = "InvoiceReader.Domain", "InvoiceReader.Domain\InvoiceReader.Domain.csproj", "{B676BE38-9D58-40B7-A29C-5F8D608C0975}"
EndProject
Project("{9A19103F-16F7-4668-BE54-9A1E7A4F7556}") = "InvoiceReader.Application", "InvoiceReader.Application\InvoiceReader.Application.csproj", "{6F70B8FD-1E2E-45FC-AAA8-F2AE53A97252}"
EndProject
Project("{9A19103F-16F7-4668-BE54-9A1E7A4F7556}") = "InvoiceReader.Messages", "InvoiceReader.Messages\InvoiceReader.Messages.csproj", "{C5899E4A-D310-43DC-9C41-91E3C5363F2F}"
EndProject
Project("{9A19103F-16F7-4668-BE54-9A1E7A4F7556}") = "Gateway", "Gateway\Gateway.csproj", "{D15534A3-22F0-4A8E-80DA-4E7C5F24354E}"
EndProject
Project("{9A19103F-16F7-4668-BE54-9A1E7A4F7556}") = "InvoiceProcessor.Messages", "InvoiceProcessor.Messages\InvoiceProcessor.Messages.csproj", "{C4D82DFE-5EB4-4018-8F2E-E9A95BE2F7F9}"
EndProject
Project("{2150E333-8FDC-42A3-9474-1A3956D46DE8}") = "Tests", "Tests", "{F193F6C3-E2DA-47BD-A669-B3C4B14B0FEF}"
EndProject
Project("{9A19103F-16F7-4668-BE54-9A1E7A4F7556}") = "InvoiceReader.Tests", "InvoiceReader.Tests\InvoiceReader.Tests.csproj", "{6DEFA16C-B415-498A-8453-0E5BA9931798}"
EndProject
Project("{2150E333-8FDC-42A3-9474-1A3956D46DE8}") = "FakeClient", "FakeClient", "{2B30725E-F385-492C-855F-ACC2861C2BE1}"
EndProject
Project("{FAE04EC0-301F-11D3-BF4B-00C04F79EFBC}") = "FakeClient", "FakeClient\FakeClient.csproj", "{7E171A28-E68E-4A07-9A75-604AAA52C9D0}"
EndProject
Global
	GlobalSection(SolutionConfigurationPlatforms) = preSolution
		Debug|Any CPU = Debug|Any CPU
		Release|Any CPU = Release|Any CPU
	EndGlobalSection
	GlobalSection(ProjectConfigurationPlatforms) = postSolution
		{FAFE7073-37B0-4112-9D00-39109F117AD7}.Debug|Any CPU.ActiveCfg = Debug|Any CPU
		{FAFE7073-37B0-4112-9D00-39109F117AD7}.Debug|Any CPU.Build.0 = Debug|Any CPU
		{FAFE7073-37B0-4112-9D00-39109F117AD7}.Release|Any CPU.ActiveCfg = Release|Any CPU
		{FAFE7073-37B0-4112-9D00-39109F117AD7}.Release|Any CPU.Build.0 = Release|Any CPU
		{96209635-AF92-452A-8428-79D1F26F720C}.Debug|Any CPU.ActiveCfg = Debug|Any CPU
		{96209635-AF92-452A-8428-79D1F26F720C}.Debug|Any CPU.Build.0 = Debug|Any CPU
		{96209635-AF92-452A-8428-79D1F26F720C}.Release|Any CPU.ActiveCfg = Release|Any CPU
		{96209635-AF92-452A-8428-79D1F26F720C}.Release|Any CPU.Build.0 = Release|Any CPU
		{66A88997-F161-4AFE-89EB-0E6ECBAA840B}.Debug|Any CPU.ActiveCfg = Debug|Any CPU
		{66A88997-F161-4AFE-89EB-0E6ECBAA840B}.Debug|Any CPU.Build.0 = Debug|Any CPU
		{66A88997-F161-4AFE-89EB-0E6ECBAA840B}.Release|Any CPU.ActiveCfg = Release|Any CPU
		{66A88997-F161-4AFE-89EB-0E6ECBAA840B}.Release|Any CPU.Build.0 = Release|Any CPU
		{1BEDE78A-084F-4D69-A918-30335E46A49D}.Debug|Any CPU.ActiveCfg = Debug|Any CPU
		{1BEDE78A-084F-4D69-A918-30335E46A49D}.Debug|Any CPU.Build.0 = Debug|Any CPU
		{1BEDE78A-084F-4D69-A918-30335E46A49D}.Release|Any CPU.ActiveCfg = Release|Any CPU
		{1BEDE78A-084F-4D69-A918-30335E46A49D}.Release|Any CPU.Build.0 = Release|Any CPU
		{F7F833F4-169E-4D39-A61D-255DE03A4C3C}.Debug|Any CPU.ActiveCfg = Debug|Any CPU
		{F7F833F4-169E-4D39-A61D-255DE03A4C3C}.Debug|Any CPU.Build.0 = Debug|Any CPU
		{F7F833F4-169E-4D39-A61D-255DE03A4C3C}.Release|Any CPU.ActiveCfg = Release|Any CPU
		{F7F833F4-169E-4D39-A61D-255DE03A4C3C}.Release|Any CPU.Build.0 = Release|Any CPU
		{134C2174-0B54-4BC0-8832-35D58A3B1D33}.Debug|Any CPU.ActiveCfg = Debug|Any CPU
		{134C2174-0B54-4BC0-8832-35D58A3B1D33}.Debug|Any CPU.Build.0 = Debug|Any CPU
		{134C2174-0B54-4BC0-8832-35D58A3B1D33}.Release|Any CPU.ActiveCfg = Release|Any CPU
		{134C2174-0B54-4BC0-8832-35D58A3B1D33}.Release|Any CPU.Build.0 = Release|Any CPU
		{5EB8B681-8F6C-4143-BF06-093B9879BBEF}.Debug|Any CPU.ActiveCfg = Debug|Any CPU
		{5EB8B681-8F6C-4143-BF06-093B9879BBEF}.Debug|Any CPU.Build.0 = Debug|Any CPU
		{5EB8B681-8F6C-4143-BF06-093B9879BBEF}.Release|Any CPU.ActiveCfg = Release|Any CPU
		{5EB8B681-8F6C-4143-BF06-093B9879BBEF}.Release|Any CPU.Build.0 = Release|Any CPU
		{B05F79EF-C19B-4F2E-B1B3-7081080FE956}.Debug|Any CPU.ActiveCfg = Debug|Any CPU
		{B05F79EF-C19B-4F2E-B1B3-7081080FE956}.Debug|Any CPU.Build.0 = Debug|Any CPU
		{B05F79EF-C19B-4F2E-B1B3-7081080FE956}.Release|Any CPU.ActiveCfg = Release|Any CPU
		{B05F79EF-C19B-4F2E-B1B3-7081080FE956}.Release|Any CPU.Build.0 = Release|Any CPU
		{B676BE38-9D58-40B7-A29C-5F8D608C0975}.Debug|Any CPU.ActiveCfg = Debug|Any CPU
		{B676BE38-9D58-40B7-A29C-5F8D608C0975}.Debug|Any CPU.Build.0 = Debug|Any CPU
		{B676BE38-9D58-40B7-A29C-5F8D608C0975}.Release|Any CPU.ActiveCfg = Release|Any CPU
		{B676BE38-9D58-40B7-A29C-5F8D608C0975}.Release|Any CPU.Build.0 = Release|Any CPU
		{6F70B8FD-1E2E-45FC-AAA8-F2AE53A97252}.Debug|Any CPU.ActiveCfg = Debug|Any CPU
		{6F70B8FD-1E2E-45FC-AAA8-F2AE53A97252}.Debug|Any CPU.Build.0 = Debug|Any CPU
		{6F70B8FD-1E2E-45FC-AAA8-F2AE53A97252}.Release|Any CPU.ActiveCfg = Release|Any CPU
		{6F70B8FD-1E2E-45FC-AAA8-F2AE53A97252}.Release|Any CPU.Build.0 = Release|Any CPU
		{C5899E4A-D310-43DC-9C41-91E3C5363F2F}.Debug|Any CPU.ActiveCfg = Debug|Any CPU
		{C5899E4A-D310-43DC-9C41-91E3C5363F2F}.Debug|Any CPU.Build.0 = Debug|Any CPU
		{C5899E4A-D310-43DC-9C41-91E3C5363F2F}.Release|Any CPU.ActiveCfg = Release|Any CPU
		{C5899E4A-D310-43DC-9C41-91E3C5363F2F}.Release|Any CPU.Build.0 = Release|Any CPU
		{D15534A3-22F0-4A8E-80DA-4E7C5F24354E}.Debug|Any CPU.ActiveCfg = Debug|Any CPU
		{D15534A3-22F0-4A8E-80DA-4E7C5F24354E}.Debug|Any CPU.Build.0 = Debug|Any CPU
		{D15534A3-22F0-4A8E-80DA-4E7C5F24354E}.Release|Any CPU.ActiveCfg = Release|Any CPU
		{D15534A3-22F0-4A8E-80DA-4E7C5F24354E}.Release|Any CPU.Build.0 = Release|Any CPU
		{C4D82DFE-5EB4-4018-8F2E-E9A95BE2F7F9}.Debug|Any CPU.ActiveCfg = Debug|Any CPU
		{C4D82DFE-5EB4-4018-8F2E-E9A95BE2F7F9}.Debug|Any CPU.Build.0 = Debug|Any CPU
		{C4D82DFE-5EB4-4018-8F2E-E9A95BE2F7F9}.Release|Any CPU.ActiveCfg = Release|Any CPU
		{C4D82DFE-5EB4-4018-8F2E-E9A95BE2F7F9}.Release|Any CPU.Build.0 = Release|Any CPU
		{6DEFA16C-B415-498A-8453-0E5BA9931798}.Debug|Any CPU.ActiveCfg = Debug|Any CPU
		{6DEFA16C-B415-498A-8453-0E5BA9931798}.Debug|Any CPU.Build.0 = Debug|Any CPU
		{6DEFA16C-B415-498A-8453-0E5BA9931798}.Release|Any CPU.ActiveCfg = Release|Any CPU
		{6DEFA16C-B415-498A-8453-0E5BA9931798}.Release|Any CPU.Build.0 = Release|Any CPU
		{7E171A28-E68E-4A07-9A75-604AAA52C9D0}.Debug|Any CPU.ActiveCfg = Debug|Any CPU
		{7E171A28-E68E-4A07-9A75-604AAA52C9D0}.Debug|Any CPU.Build.0 = Debug|Any CPU
		{7E171A28-E68E-4A07-9A75-604AAA52C9D0}.Release|Any CPU.ActiveCfg = Release|Any CPU
		{7E171A28-E68E-4A07-9A75-604AAA52C9D0}.Release|Any CPU.Build.0 = Release|Any CPU
	EndGlobalSection
	GlobalSection(SolutionProperties) = preSolution
		HideSolutionNode = FALSE
	EndGlobalSection
	GlobalSection(NestedProjects) = preSolution
		{FAFE7073-37B0-4112-9D00-39109F117AD7} = {825A28A6-F982-4A30-A2F3-D930DB9A2902}
		{96209635-AF92-452A-8428-79D1F26F720C} = {241EAD80-A1A6-45DF-ABC4-79D8E3AB5EC1}
		{66A88997-F161-4AFE-89EB-0E6ECBAA840B} = {241EAD80-A1A6-45DF-ABC4-79D8E3AB5EC1}
		{1BEDE78A-084F-4D69-A918-30335E46A49D} = {241EAD80-A1A6-45DF-ABC4-79D8E3AB5EC1}
		{F7F833F4-169E-4D39-A61D-255DE03A4C3C} = {241EAD80-A1A6-45DF-ABC4-79D8E3AB5EC1}
		{134C2174-0B54-4BC0-8832-35D58A3B1D33} = {202EBEC4-A38C-4FC3-806F-7880DB32655D}
		{5EB8B681-8F6C-4143-BF06-093B9879BBEF} = {202EBEC4-A38C-4FC3-806F-7880DB32655D}
		{DEF9CF76-2AC5-4F7C-9234-5375623D5930} = {241EAD80-A1A6-45DF-ABC4-79D8E3AB5EC1}
		{B05F79EF-C19B-4F2E-B1B3-7081080FE956} = {DEF9CF76-2AC5-4F7C-9234-5375623D5930}
		{B676BE38-9D58-40B7-A29C-5F8D608C0975} = {825A28A6-F982-4A30-A2F3-D930DB9A2902}
		{6F70B8FD-1E2E-45FC-AAA8-F2AE53A97252} = {825A28A6-F982-4A30-A2F3-D930DB9A2902}
		{C5899E4A-D310-43DC-9C41-91E3C5363F2F} = {825A28A6-F982-4A30-A2F3-D930DB9A2902}
		{D15534A3-22F0-4A8E-80DA-4E7C5F24354E} = {9FE5F3EF-A9E6-472C-9925-813FAB7882AA}
		{C4D82DFE-5EB4-4018-8F2E-E9A95BE2F7F9} = {241EAD80-A1A6-45DF-ABC4-79D8E3AB5EC1}
		{F193F6C3-E2DA-47BD-A669-B3C4B14B0FEF} = {825A28A6-F982-4A30-A2F3-D930DB9A2902}
		{6DEFA16C-B415-498A-8453-0E5BA9931798} = {F193F6C3-E2DA-47BD-A669-B3C4B14B0FEF}
		{7E171A28-E68E-4A07-9A75-604AAA52C9D0} = {2B30725E-F385-492C-855F-ACC2861C2BE1}
	EndGlobalSection
	GlobalSection(ExtensibilityGlobals) = postSolution
		SolutionGuid = {5A47DF42-13C0-44B5-9062-98D010548087}
	EndGlobalSection
EndGlobal
